
Microsoft Visual Studio Solution File, Format Version 12.00
# Visual Studio 14
VisualStudioVersion = 14.0.25420.1
MinimumVisualStudioVersion = 10.0.40219.1
Project("{FAE04EC0-301F-11D3-BF4B-00C04F79EFBC}") = "TraceConsole", "TraceConsole\TraceConsole.csproj", "{A2454597-2086-42CF-B74E-CC85E43793EC}"
EndProject
Project("{FAE04EC0-301F-11D3-BF4B-00C04F79EFBC}") = "TraceBackend", "TraceBackend\TraceBackend.csproj", "{294DD6B6-7F52-49B9-8CC9-5EDE5C3279C1}"
EndProject
Project("{FAE04EC0-301F-11D3-BF4B-00C04F79EFBC}") = "TraceService", "TraceService\TraceService.csproj", "{07A38BE4-E67B-4679-979C-58C507943943}"
EndProject
Global
	GlobalSection(SolutionConfigurationPlatforms) = preSolution
		Debug|Any CPU = Debug|Any CPU
		Release|Any CPU = Release|Any CPU
	EndGlobalSection
	GlobalSection(ProjectConfigurationPlatforms) = postSolution
		{A2454597-2086-42CF-B74E-CC85E43793EC}.Debug|Any CPU.ActiveCfg = Debug|Any CPU
		{A2454597-2086-42CF-B74E-CC85E43793EC}.Debug|Any CPU.Build.0 = Debug|Any CPU
		{A2454597-2086-42CF-B74E-CC85E43793EC}.Release|Any CPU.ActiveCfg = Release|Any CPU
		{A2454597-2086-42CF-B74E-CC85E43793EC}.Release|Any CPU.Build.0 = Release|Any CPU
		{294DD6B6-7F52-49B9-8CC9-5EDE5C3279C1}.Debug|Any CPU.ActiveCfg = Debug|Any CPU
		{294DD6B6-7F52-49B9-8CC9-5EDE5C3279C1}.Debug|Any CPU.Build.0 = Debug|Any CPU
		{294DD6B6-7F52-49B9-8CC9-5EDE5C3279C1}.Release|Any CPU.ActiveCfg = Release|Any CPU
		{294DD6B6-7F52-49B9-8CC9-5EDE5C3279C1}.Release|Any CPU.Build.0 = Release|Any CPU
		{07A38BE4-E67B-4679-979C-58C507943943}.Debug|Any CPU.ActiveCfg = Debug|Any CPU
		{07A38BE4-E67B-4679-979C-58C507943943}.Debug|Any CPU.Build.0 = Debug|Any CPU
		{07A38BE4-E67B-4679-979C-58C507943943}.Release|Any CPU.ActiveCfg = Release|Any CPU
		{07A38BE4-E67B-4679-979C-58C507943943}.Release|Any CPU.Build.0 = Release|Any CPU
	EndGlobalSection
	GlobalSection(SolutionProperties) = preSolution
		HideSolutionNode = FALSE
	EndGlobalSection
EndGlobal
